{
  "version": 4,
  "terraform_version": "1.2.4",
  "serial": 7,
  "lineage": "2567d200-f9a4-f308-9f19-7d7f2106f120",
  "outputs": {},
  "resources": [
    {
      "mode": "managed",
      "type": "harvester_virtualmachine",
      "name": "ubuntu20",
      "provider": "provider[\"registry.terraform.io/harvester/harvester\"]",
      "instances": [
        {
          "index_key": 0,
          "schema_version": 0,
          "attributes": {
            "cloudinit": [
              {
                "network_data": "version: 1\nconfig:\n  - type: physical\n    name: enp1s0\n    subnets:\n      - type: static\n        address: 192.168.178.87/24\n        gateway: 192.168.178.1\n  - type: nameserver\n    address:\n      - 8.8.8.8\n      - 192.168.178.1\n    search:\n      - digitalinfo.local\n",
                "network_data_base64": "",
                "network_data_secret_name": "",
                "type": "noCloud",
                "user_data": "#cloud-config\nuser: rancher\npassword: rancher\nchpasswd:\n  expire: false\nssh_pwauth: true\npackage_update: true\npackages:\n  - qemu-guest-agent\nruncmd:\n  - - systemctl\n    - enable\n    - '--now'\n    - qemu-guest-agent\nssh_authorized_keys:\n  - \u003e-\n    ssh-rsa AAAAB3NzaC1yc2EAAAADAQABAAABAQDLwkhz+gWgkODSgwEBeZvraiIMZKIpZB2Oz3EBkzV0S6aE+LU/zlM0AkxrJGN4cklBUtKnJn1oLA6CQFlh7JAj3soMyaiJFtRagfXU4RpPCIq19KYcCzFjIE2+UWBqU+ZAIB52KrqODXGWbJiNH06zJdjCxJN9+N1QcgEKt1mscmcrJRzQuko+7RX79e8fyS/TB1Xu7Ql45TZrwtw6bOeMGsX9JGfCxfvHaHuLqpmAN//Fzc8uP+nvPky7gpZYNh7rN7SvMdVIwlZ5fG9rjMwHUoi5aZRMD7Kv+xnfS5QXFP+tPLetl7otNZgrpXfymr5PxsOaoDpgjEhOPraNKRnj nico@Nicos-MacBook-Pro.local\n",
                "user_data_base64": "",
                "user_data_secret_name": ""
              }
            ],
            "cpu": 2,
            "description": "",
            "disk": [
              {
                "access_mode": "ReadWriteMany",
                "auto_delete": true,
                "boot_order": 1,
                "bus": "virtio",
                "container_image_name": "",
                "existing_volume_name": "",
                "hot_plug": false,
                "image": "default/ubuntu20",
                "name": "rootdisk",
                "size": "10Gi",
                "storage_class_name": "longhorn-ubuntu20",
                "type": "disk",
                "volume_mode": "Block",
                "volume_name": "master-0-rootdisk-8j6zd"
              },
              {
                "access_mode": "ReadWriteMany",
                "auto_delete": true,
                "boot_order": 0,
                "bus": "virtio",
                "container_image_name": "",
                "existing_volume_name": "",
                "hot_plug": false,
                "image": "",
                "name": "emptydisk",
                "size": "20Gi",
                "storage_class_name": "",
                "type": "disk",
                "volume_mode": "Block",
                "volume_name": "master-0-emptydisk-n5s25"
              }
            ],
            "hostname": "myvm-0",
            "id": "default/master-0",
            "machine_type": "q35",
            "memory": "2Gi",
            "name": "master-0",
            "namespace": "default",
            "network_interface": [
              {
                "interface_name": "",
                "ip_address": "",
                "mac_address": "",
                "model": "virtio",
                "name": "enp1s0",
                "network_name": "vlan1",
                "type": "bridge"
              }
            ],
            "node_name": "",
            "run_strategy": "RerunOnFailure",
            "ssh_keys": null,
            "start": null,
            "state": "stopped",
            "tags": {
              "ssh-user": "rancher"
            }
          },
          "sensitive_attributes": [],
          "private": "bnVsbA=="
        }
      ]
    }
  ]
}
